// !$*UTF8*$!
{
	archiveVersion = 1;
	classes = {
	};
	objectVersion = 51;
	objects = {

/* Begin PBXBuildFile section */
		2128D048230505B70024ABAA /* ToDoDateSection.swift in Sources */ = {isa = PBXBuildFile; fileRef = 2128D047230505B70024ABAA /* ToDoDateSection.swift */; };
		21374379230B807D0062DFC9 /* HeaderTapGesture.swift in Sources */ = {isa = PBXBuildFile; fileRef = 21374378230B807D0062DFC9 /* HeaderTapGesture.swift */; };
		2137437B230BA5060062DFC9 /* CheckBox.swift in Sources */ = {isa = PBXBuildFile; fileRef = 2137437A230BA5060062DFC9 /* CheckBox.swift */; };
		214FA25B230A6FAE00BB696A /* TableItemSection.swift in Sources */ = {isa = PBXBuildFile; fileRef = 214FA25A230A6FAE00BB696A /* TableItemSection.swift */; };
		2154B19B23121A8500AAF415 /* SchedulingAssistanceViewController.swift in Sources */ = {isa = PBXBuildFile; fileRef = 2154B19A23121A8500AAF415 /* SchedulingAssistanceViewController.swift */; };
		2154B1A123122C8200AAF415 /* CalendarCell.swift in Sources */ = {isa = PBXBuildFile; fileRef = 2154B1A023122C8200AAF415 /* CalendarCell.swift */; };
		2154B1A4231249D900AAF415 /* CalendarSectionHeader.swift in Sources */ = {isa = PBXBuildFile; fileRef = 2154B1A3231249D900AAF415 /* CalendarSectionHeader.swift */; };
		2154B1A623124A1F00AAF415 /* CalendarSectionHeader.xib in Resources */ = {isa = PBXBuildFile; fileRef = 2154B1A523124A1F00AAF415 /* CalendarSectionHeader.xib */; };
		2155595C22BC73D300DBA267 /* AppDelegate.swift in Sources */ = {isa = PBXBuildFile; fileRef = 2155595B22BC73D300DBA267 /* AppDelegate.swift */; };
		2155596122BC73D300DBA267 /* Main.storyboard in Resources */ = {isa = PBXBuildFile; fileRef = 2155595F22BC73D300DBA267 /* Main.storyboard */; };
		2155596322BC73D600DBA267 /* Assets.xcassets in Resources */ = {isa = PBXBuildFile; fileRef = 2155596222BC73D600DBA267 /* Assets.xcassets */; };
		2155596622BC73D600DBA267 /* LaunchScreen.storyboard in Resources */ = {isa = PBXBuildFile; fileRef = 2155596422BC73D600DBA267 /* LaunchScreen.storyboard */; };
		2155597122BC73D600DBA267 /* Focus_N_DoTests.swift in Sources */ = {isa = PBXBuildFile; fileRef = 2155597022BC73D600DBA267 /* Focus_N_DoTests.swift */; };
		2155597C22BC825200DBA267 /* ToDoItemTableViewController.swift in Sources */ = {isa = PBXBuildFile; fileRef = 2155597B22BC825200DBA267 /* ToDoItemTableViewController.swift */; };
		2165F0D322DAEA4100061A2C /* ToDoGroupTableViewCell.swift in Sources */ = {isa = PBXBuildFile; fileRef = 2165F0D222DAEA4100061A2C /* ToDoGroupTableViewCell.swift */; };
		219F72DC23184D310005333A /* SchedulingAssistanceTableView.swift in Sources */ = {isa = PBXBuildFile; fileRef = 219F72DB23184D310005333A /* SchedulingAssistanceTableView.swift */; };
		21BD697122C59C3E0033A10A /* ToDoListTableViewController.swift in Sources */ = {isa = PBXBuildFile; fileRef = 21BD697022C59C3E0033A10A /* ToDoListTableViewController.swift */; };
		21BD697322C5A6D40033A10A /* ToDo.swift in Sources */ = {isa = PBXBuildFile; fileRef = 21BD697222C5A6D40033A10A /* ToDo.swift */; };
		5E21B92C802733CAF440F709 /* Pods_Focus_N_Do.framework in Frameworks */ = {isa = PBXBuildFile; fileRef = A3291496C1C89910EB23F1DB /* Pods_Focus_N_Do.framework */; };
/* End PBXBuildFile section */

/* Begin PBXContainerItemProxy section */
		2155596D22BC73D600DBA267 /* PBXContainerItemProxy */ = {
			isa = PBXContainerItemProxy;
			containerPortal = 2155595022BC73D300DBA267 /* Project object */;
			proxyType = 1;
			remoteGlobalIDString = 2155595722BC73D300DBA267;
			remoteInfo = "Focus-N-Do";
		};
/* End PBXContainerItemProxy section */

/* Begin PBXFileReference section */
		2128D047230505B70024ABAA /* ToDoDateSection.swift */ = {isa = PBXFileReference; lastKnownFileType = sourcecode.swift; path = ToDoDateSection.swift; sourceTree = "<group>"; };
		21374378230B807D0062DFC9 /* HeaderTapGesture.swift */ = {isa = PBXFileReference; lastKnownFileType = sourcecode.swift; path = HeaderTapGesture.swift; sourceTree = "<group>"; };
		2137437A230BA5060062DFC9 /* CheckBox.swift */ = {isa = PBXFileReference; lastKnownFileType = sourcecode.swift; path = CheckBox.swift; sourceTree = "<group>"; };
		214FA25A230A6FAE00BB696A /* TableItemSection.swift */ = {isa = PBXFileReference; lastKnownFileType = sourcecode.swift; path = TableItemSection.swift; sourceTree = "<group>"; };
		2154B19A23121A8500AAF415 /* SchedulingAssistanceViewController.swift */ = {isa = PBXFileReference; lastKnownFileType = sourcecode.swift; path = SchedulingAssistanceViewController.swift; sourceTree = "<group>"; };
		2154B1A023122C8200AAF415 /* CalendarCell.swift */ = {isa = PBXFileReference; lastKnownFileType = sourcecode.swift; path = CalendarCell.swift; sourceTree = "<group>"; };
		2154B1A3231249D900AAF415 /* CalendarSectionHeader.swift */ = {isa = PBXFileReference; lastKnownFileType = sourcecode.swift; path = CalendarSectionHeader.swift; sourceTree = "<group>"; };
		2154B1A523124A1F00AAF415 /* CalendarSectionHeader.xib */ = {isa = PBXFileReference; lastKnownFileType = file.xib; path = CalendarSectionHeader.xib; sourceTree = "<group>"; };
		2155595822BC73D300DBA267 /* Focus-N-Do.app */ = {isa = PBXFileReference; explicitFileType = wrapper.application; includeInIndex = 0; path = "Focus-N-Do.app"; sourceTree = BUILT_PRODUCTS_DIR; };
		2155595B22BC73D300DBA267 /* AppDelegate.swift */ = {isa = PBXFileReference; lastKnownFileType = sourcecode.swift; path = AppDelegate.swift; sourceTree = "<group>"; };
		2155596022BC73D300DBA267 /* Base */ = {isa = PBXFileReference; lastKnownFileType = file.storyboard; name = Base; path = Base.lproj/Main.storyboard; sourceTree = "<group>"; };
		2155596222BC73D600DBA267 /* Assets.xcassets */ = {isa = PBXFileReference; lastKnownFileType = folder.assetcatalog; path = Assets.xcassets; sourceTree = "<group>"; };
		2155596522BC73D600DBA267 /* Base */ = {isa = PBXFileReference; lastKnownFileType = file.storyboard; name = Base; path = Base.lproj/LaunchScreen.storyboard; sourceTree = "<group>"; };
		2155596722BC73D600DBA267 /* Info.plist */ = {isa = PBXFileReference; lastKnownFileType = text.plist.xml; path = Info.plist; sourceTree = "<group>"; };
		2155596C22BC73D600DBA267 /* Focus-N-DoTests.xctest */ = {isa = PBXFileReference; explicitFileType = wrapper.cfbundle; includeInIndex = 0; path = "Focus-N-DoTests.xctest"; sourceTree = BUILT_PRODUCTS_DIR; };
		2155597022BC73D600DBA267 /* Focus_N_DoTests.swift */ = {isa = PBXFileReference; lastKnownFileType = sourcecode.swift; path = Focus_N_DoTests.swift; sourceTree = "<group>"; };
		2155597222BC73D600DBA267 /* Info.plist */ = {isa = PBXFileReference; lastKnownFileType = text.plist.xml; path = Info.plist; sourceTree = "<group>"; };
		2155597B22BC825200DBA267 /* ToDoItemTableViewController.swift */ = {isa = PBXFileReference; lastKnownFileType = sourcecode.swift; path = ToDoItemTableViewController.swift; sourceTree = "<group>"; };
		2165F0D222DAEA4100061A2C /* ToDoGroupTableViewCell.swift */ = {isa = PBXFileReference; lastKnownFileType = sourcecode.swift; path = ToDoGroupTableViewCell.swift; sourceTree = "<group>"; };
		219F72DB23184D310005333A /* SchedulingAssistanceTableView.swift */ = {isa = PBXFileReference; lastKnownFileType = sourcecode.swift; path = SchedulingAssistanceTableView.swift; sourceTree = "<group>"; };
		21BD697022C59C3E0033A10A /* ToDoListTableViewController.swift */ = {isa = PBXFileReference; lastKnownFileType = sourcecode.swift; path = ToDoListTableViewController.swift; sourceTree = "<group>"; };
		21BD697222C5A6D40033A10A /* ToDo.swift */ = {isa = PBXFileReference; lastKnownFileType = sourcecode.swift; path = ToDo.swift; sourceTree = "<group>"; };
		69A07A0B395DF3AE04F93F02 /* Pods-Focus-N-Do.debug.xcconfig */ = {isa = PBXFileReference; includeInIndex = 1; lastKnownFileType = text.xcconfig; name = "Pods-Focus-N-Do.debug.xcconfig"; path = "Target Support Files/Pods-Focus-N-Do/Pods-Focus-N-Do.debug.xcconfig"; sourceTree = "<group>"; };
		A3291496C1C89910EB23F1DB /* Pods_Focus_N_Do.framework */ = {isa = PBXFileReference; explicitFileType = wrapper.framework; includeInIndex = 0; path = Pods_Focus_N_Do.framework; sourceTree = BUILT_PRODUCTS_DIR; };
		EC693BA396E8B661FF432A36 /* Pods-Focus-N-Do.release.xcconfig */ = {isa = PBXFileReference; includeInIndex = 1; lastKnownFileType = text.xcconfig; name = "Pods-Focus-N-Do.release.xcconfig"; path = "Target Support Files/Pods-Focus-N-Do/Pods-Focus-N-Do.release.xcconfig"; sourceTree = "<group>"; };
/* End PBXFileReference section */

/* Begin PBXFrameworksBuildPhase section */
		2155595522BC73D300DBA267 /* Frameworks */ = {
			isa = PBXFrameworksBuildPhase;
			buildActionMask = 2147483647;
			files = (
				5E21B92C802733CAF440F709 /* Pods_Focus_N_Do.framework in Frameworks */,
			);
			runOnlyForDeploymentPostprocessing = 0;
		};
		2155596922BC73D600DBA267 /* Frameworks */ = {
			isa = PBXFrameworksBuildPhase;
			buildActionMask = 2147483647;
			files = (
			);
			runOnlyForDeploymentPostprocessing = 0;
		};
/* End PBXFrameworksBuildPhase section */

/* Begin PBXGroup section */
		0B25575A336847226CF03919 /* Pods */ = {
			isa = PBXGroup;
			children = (
				69A07A0B395DF3AE04F93F02 /* Pods-Focus-N-Do.debug.xcconfig */,
				EC693BA396E8B661FF432A36 /* Pods-Focus-N-Do.release.xcconfig */,
			);
			path = Pods;
			sourceTree = "<group>";
		};
		1D3121AAD9F32A3E3C84FB61 /* Frameworks */ = {
			isa = PBXGroup;
			children = (
				A3291496C1C89910EB23F1DB /* Pods_Focus_N_Do.framework */,
			);
			name = Frameworks;
			sourceTree = "<group>";
		};
		21374377230B80650062DFC9 /* helpers */ = {
			isa = PBXGroup;
			children = (
				2154B1A22312499600AAF415 /* calendar_section_header */,
				21374378230B807D0062DFC9 /* HeaderTapGesture.swift */,
				2137437A230BA5060062DFC9 /* CheckBox.swift */,
				2154B1A023122C8200AAF415 /* CalendarCell.swift */,
			);
			path = helpers;
			sourceTree = "<group>";
		};
		214A35BB22FA8A6D00136D25 /* main_navigation */ = {
			isa = PBXGroup;
			children = (
				2154B19923121A0700AAF415 /* task_list_nav */,
				2154B198231219E800AAF415 /* task_item_nav */,
			);
			path = main_navigation;
			sourceTree = "<group>";
		};
		214A35BC22FA8A8C00136D25 /* models */ = {
			isa = PBXGroup;
			children = (
				21BD697222C5A6D40033A10A /* ToDo.swift */,
				214FA25A230A6FAE00BB696A /* TableItemSection.swift */,
				2128D047230505B70024ABAA /* ToDoDateSection.swift */,
			);
			path = models;
			sourceTree = "<group>";
		};
		214A35BD22FA8AB200136D25 /* table_view_cells */ = {
			isa = PBXGroup;
			children = (
				2165F0D222DAEA4100061A2C /* ToDoGroupTableViewCell.swift */,
			);
			path = table_view_cells;
			sourceTree = "<group>";
		};
		2154B198231219E800AAF415 /* task_item_nav */ = {
			isa = PBXGroup;
			children = (
				2155597B22BC825200DBA267 /* ToDoItemTableViewController.swift */,
			);
			path = task_item_nav;
			sourceTree = "<group>";
		};
		2154B19923121A0700AAF415 /* task_list_nav */ = {
			isa = PBXGroup;
			children = (
				214A35BD22FA8AB200136D25 /* table_view_cells */,
				21BD697022C59C3E0033A10A /* ToDoListTableViewController.swift */,
			);
			path = task_list_nav;
			sourceTree = "<group>";
		};
		2154B19C23121AA200AAF415 /* scheduling_assistannce_nav */ = {
			isa = PBXGroup;
			children = (
				2154B19A23121A8500AAF415 /* SchedulingAssistanceViewController.swift */,
				219F72DB23184D310005333A /* SchedulingAssistanceTableView.swift */,
			);
			path = scheduling_assistannce_nav;
			sourceTree = "<group>";
		};
		2154B1A22312499600AAF415 /* calendar_section_header */ = {
			isa = PBXGroup;
			children = (
				2154B1A3231249D900AAF415 /* CalendarSectionHeader.swift */,
				2154B1A523124A1F00AAF415 /* CalendarSectionHeader.xib */,
			);
			path = calendar_section_header;
			sourceTree = "<group>";
		};
		2155594F22BC73D300DBA267 = {
			isa = PBXGroup;
			children = (
				2155595A22BC73D300DBA267 /* Focus-N-Do */,
				2155596F22BC73D600DBA267 /* Focus-N-DoTests */,
				2155595922BC73D300DBA267 /* Products */,
				0B25575A336847226CF03919 /* Pods */,
				1D3121AAD9F32A3E3C84FB61 /* Frameworks */,
			);
			sourceTree = "<group>";
		};
		2155595922BC73D300DBA267 /* Products */ = {
			isa = PBXGroup;
			children = (
				2155595822BC73D300DBA267 /* Focus-N-Do.app */,
				2155596C22BC73D600DBA267 /* Focus-N-DoTests.xctest */,
			);
			name = Products;
			sourceTree = "<group>";
		};
		2155595A22BC73D300DBA267 /* Focus-N-Do */ = {
			isa = PBXGroup;
			children = (
				2154B19C23121AA200AAF415 /* scheduling_assistannce_nav */,
				21374377230B80650062DFC9 /* helpers */,
				214A35BC22FA8A8C00136D25 /* models */,
				214A35BB22FA8A6D00136D25 /* main_navigation */,
				2155595B22BC73D300DBA267 /* AppDelegate.swift */,
				2155595F22BC73D300DBA267 /* Main.storyboard */,
				2155596222BC73D600DBA267 /* Assets.xcassets */,
				2155596422BC73D600DBA267 /* LaunchScreen.storyboard */,
				2155596722BC73D600DBA267 /* Info.plist */,
			);
			path = "Focus-N-Do";
			sourceTree = "<group>";
		};
		2155596F22BC73D600DBA267 /* Focus-N-DoTests */ = {
			isa = PBXGroup;
			children = (
				2155597022BC73D600DBA267 /* Focus_N_DoTests.swift */,
				2155597222BC73D600DBA267 /* Info.plist */,
			);
			path = "Focus-N-DoTests";
			sourceTree = "<group>";
		};
/* End PBXGroup section */

/* Begin PBXNativeTarget section */
		2155595722BC73D300DBA267 /* Focus-N-Do */ = {
			isa = PBXNativeTarget;
			buildConfigurationList = 2155597522BC73D600DBA267 /* Build configuration list for PBXNativeTarget "Focus-N-Do" */;
			buildPhases = (
				1E08B25B223CDDE441B9E68F /* [CP] Check Pods Manifest.lock */,
				2155595422BC73D300DBA267 /* Sources */,
				2155595522BC73D300DBA267 /* Frameworks */,
				2155595622BC73D300DBA267 /* Resources */,
				BB5C5A59CD70DFB4B8FC8E89 /* [CP] Embed Pods Frameworks */,
			);
			buildRules = (
			);
			dependencies = (
			);
			name = "Focus-N-Do";
			productName = "Focus-N-Do";
			productReference = 2155595822BC73D300DBA267 /* Focus-N-Do.app */;
			productType = "com.apple.product-type.application";
		};
		2155596B22BC73D600DBA267 /* Focus-N-DoTests */ = {
			isa = PBXNativeTarget;
			buildConfigurationList = 2155597822BC73D600DBA267 /* Build configuration list for PBXNativeTarget "Focus-N-DoTests" */;
			buildPhases = (
				2155596822BC73D600DBA267 /* Sources */,
				2155596922BC73D600DBA267 /* Frameworks */,
				2155596A22BC73D600DBA267 /* Resources */,
			);
			buildRules = (
			);
			dependencies = (
				2155596E22BC73D600DBA267 /* PBXTargetDependency */,
			);
			name = "Focus-N-DoTests";
			productName = "Focus-N-DoTests";
			productReference = 2155596C22BC73D600DBA267 /* Focus-N-DoTests.xctest */;
			productType = "com.apple.product-type.bundle.unit-test";
		};
/* End PBXNativeTarget section */

/* Begin PBXProject section */
		2155595022BC73D300DBA267 /* Project object */ = {
			isa = PBXProject;
			attributes = {
				LastSwiftUpdateCheck = 1010;
				LastUpgradeCheck = 1010;
				ORGANIZATIONNAME = EllyRichardson;
				TargetAttributes = {
					2155595722BC73D300DBA267 = {
						CreatedOnToolsVersion = 10.1;
					};
					2155596B22BC73D600DBA267 = {
						CreatedOnToolsVersion = 10.1;
						TestTargetID = 2155595722BC73D300DBA267;
					};
				};
			};
			buildConfigurationList = 2155595322BC73D300DBA267 /* Build configuration list for PBXProject "Focus-N-Do" */;
			compatibilityVersion = "Xcode 9.3";
			developmentRegion = en;
			hasScannedForEncodings = 0;
			knownRegions = (
				en,
				Base,
			);
			mainGroup = 2155594F22BC73D300DBA267;
			productRefGroup = 2155595922BC73D300DBA267 /* Products */;
			projectDirPath = "";
			projectRoot = "";
			targets = (
				2155595722BC73D300DBA267 /* Focus-N-Do */,
				2155596B22BC73D600DBA267 /* Focus-N-DoTests */,
			);
		};
/* End PBXProject section */

/* Begin PBXResourcesBuildPhase section */
		2155595622BC73D300DBA267 /* Resources */ = {
			isa = PBXResourcesBuildPhase;
			buildActionMask = 2147483647;
			files = (
				2154B1A623124A1F00AAF415 /* CalendarSectionHeader.xib in Resources */,
				2155596622BC73D600DBA267 /* LaunchScreen.storyboard in Resources */,
				2155596322BC73D600DBA267 /* Assets.xcassets in Resources */,
				2155596122BC73D300DBA267 /* Main.storyboard in Resources */,
			);
			runOnlyForDeploymentPostprocessing = 0;
		};
		2155596A22BC73D600DBA267 /* Resources */ = {
			isa = PBXResourcesBuildPhase;
			buildActionMask = 2147483647;
			files = (
			);
			runOnlyForDeploymentPostprocessing = 0;
		};
/* End PBXResourcesBuildPhase section */

/* Begin PBXShellScriptBuildPhase section */
		1E08B25B223CDDE441B9E68F /* [CP] Check Pods Manifest.lock */ = {
			isa = PBXShellScriptBuildPhase;
			buildActionMask = 2147483647;
			files = (
			);
			inputFileListPaths = (
			);
			inputPaths = (
				"${PODS_PODFILE_DIR_PATH}/Podfile.lock",
				"${PODS_ROOT}/Manifest.lock",
			);
			name = "[CP] Check Pods Manifest.lock";
			outputFileListPaths = (
			);
			outputPaths = (
				"$(DERIVED_FILE_DIR)/Pods-Focus-N-Do-checkManifestLockResult.txt",
			);
			runOnlyForDeploymentPostprocessing = 0;
			shellPath = /bin/sh;
			shellScript = "diff \"${PODS_PODFILE_DIR_PATH}/Podfile.lock\" \"${PODS_ROOT}/Manifest.lock\" > /dev/null\nif [ $? != 0 ] ; then\n    # print error to STDERR\n    echo \"error: The sandbox is not in sync with the Podfile.lock. Run 'pod install' or update your CocoaPods installation.\" >&2\n    exit 1\nfi\n# This output is used by Xcode 'outputs' to avoid re-running this script phase.\necho \"SUCCESS\" > \"${SCRIPT_OUTPUT_FILE_0}\"\n";
			showEnvVarsInLog = 0;
		};
		BB5C5A59CD70DFB4B8FC8E89 /* [CP] Embed Pods Frameworks */ = {
			isa = PBXShellScriptBuildPhase;
			buildActionMask = 2147483647;
			files = (
			);
			inputFileListPaths = (
				"${PODS_ROOT}/Target Support Files/Pods-Focus-N-Do/Pods-Focus-N-Do-frameworks-${CONFIGURATION}-input-files.xcfilelist",
			);
			name = "[CP] Embed Pods Frameworks";
			outputFileListPaths = (
				"${PODS_ROOT}/Target Support Files/Pods-Focus-N-Do/Pods-Focus-N-Do-frameworks-${CONFIGURATION}-output-files.xcfilelist",
			);
			runOnlyForDeploymentPostprocessing = 0;
			shellPath = /bin/sh;
			shellScript = "\"${PODS_ROOT}/Target Support Files/Pods-Focus-N-Do/Pods-Focus-N-Do-frameworks.sh\"\n";
			showEnvVarsInLog = 0;
		};
/* End PBXShellScriptBuildPhase section */

/* Begin PBXSourcesBuildPhase section */
		2155595422BC73D300DBA267 /* Sources */ = {
			isa = PBXSourcesBuildPhase;
			buildActionMask = 2147483647;
			files = (
				2154B1A4231249D900AAF415 /* CalendarSectionHeader.swift in Sources */,
				2128D048230505B70024ABAA /* ToDoDateSection.swift in Sources */,
				2165F0D322DAEA4100061A2C /* ToDoGroupTableViewCell.swift in Sources */,
				21BD697322C5A6D40033A10A /* ToDo.swift in Sources */,
				2155597C22BC825200DBA267 /* ToDoItemTableViewController.swift in Sources */,
				2137437B230BA5060062DFC9 /* CheckBox.swift in Sources */,
				21374379230B807D0062DFC9 /* HeaderTapGesture.swift in Sources */,
				2154B1A123122C8200AAF415 /* CalendarCell.swift in Sources */,
				2154B19B23121A8500AAF415 /* SchedulingAssistanceViewController.swift in Sources */,
				2155595C22BC73D300DBA267 /* AppDelegate.swift in Sources */,
				219F72DC23184D310005333A /* SchedulingAssistanceTableView.swift in Sources */,
				21BD697122C59C3E0033A10A /* ToDoListTableViewController.swift in Sources */,
				214FA25B230A6FAE00BB696A /* TableItemSection.swift in Sources */,
			);
			runOnlyForDeploymentPostprocessing = 0;
		};
		2155596822BC73D600DBA267 /* Sources */ = {
			isa = PBXSourcesBuildPhase;
			buildActionMask = 2147483647;
			files = (
				2155597122BC73D600DBA267 /* Focus_N_DoTests.swift in Sources */,
			);
			runOnlyForDeploymentPostprocessing = 0;
		};
/* End PBXSourcesBuildPhase section */

/* Begin PBXTargetDependency section */
		2155596E22BC73D600DBA267 /* PBXTargetDependency */ = {
			isa = PBXTargetDependency;
			target = 2155595722BC73D300DBA267 /* Focus-N-Do */;
			targetProxy = 2155596D22BC73D600DBA267 /* PBXContainerItemProxy */;
		};
/* End PBXTargetDependency section */

/* Begin PBXVariantGroup section */
		2155595F22BC73D300DBA267 /* Main.storyboard */ = {
			isa = PBXVariantGroup;
			children = (
				2155596022BC73D300DBA267 /* Base */,
			);
			name = Main.storyboard;
			sourceTree = "<group>";
		};
		2155596422BC73D600DBA267 /* LaunchScreen.storyboard */ = {
			isa = PBXVariantGroup;
			children = (
				2155596522BC73D600DBA267 /* Base */,
			);
			name = LaunchScreen.storyboard;
			sourceTree = "<group>";
		};
/* End PBXVariantGroup section */

/* Begin XCBuildConfiguration section */
		2155597322BC73D600DBA267 /* Debug */ = {
			isa = XCBuildConfiguration;
			buildSettings = {
				ALWAYS_SEARCH_USER_PATHS = NO;
				CLANG_ANALYZER_NONNULL = YES;
				CLANG_ANALYZER_NUMBER_OBJECT_CONVERSION = YES_AGGRESSIVE;
				CLANG_CXX_LANGUAGE_STANDARD = "gnu++14";
				CLANG_CXX_LIBRARY = "libc++";
				CLANG_ENABLE_MODULES = YES;
				CLANG_ENABLE_OBJC_ARC = YES;
				CLANG_ENABLE_OBJC_WEAK = YES;
				CLANG_WARN_BLOCK_CAPTURE_AUTORELEASING = YES;
				CLANG_WARN_BOOL_CONVERSION = YES;
				CLANG_WARN_COMMA = YES;
				CLANG_WARN_CONSTANT_CONVERSION = YES;
				CLANG_WARN_DEPRECATED_OBJC_IMPLEMENTATIONS = YES;
				CLANG_WARN_DIRECT_OBJC_ISA_USAGE = YES_ERROR;
				CLANG_WARN_DOCUMENTATION_COMMENTS = YES;
				CLANG_WARN_EMPTY_BODY = YES;
				CLANG_WARN_ENUM_CONVERSION = YES;
				CLANG_WARN_INFINITE_RECURSION = YES;
				CLANG_WARN_INT_CONVERSION = YES;
				CLANG_WARN_NON_LITERAL_NULL_CONVERSION = YES;
				CLANG_WARN_OBJC_IMPLICIT_RETAIN_SELF = YES;
				CLANG_WARN_OBJC_LITERAL_CONVERSION = YES;
				CLANG_WARN_OBJC_ROOT_CLASS = YES_ERROR;
				CLANG_WARN_RANGE_LOOP_ANALYSIS = YES;
				CLANG_WARN_STRICT_PROTOTYPES = YES;
				CLANG_WARN_SUSPICIOUS_MOVE = YES;
				CLANG_WARN_UNGUARDED_AVAILABILITY = YES_AGGRESSIVE;
				CLANG_WARN_UNREACHABLE_CODE = YES;
				CLANG_WARN__DUPLICATE_METHOD_MATCH = YES;
				CODE_SIGN_IDENTITY = "iPhone Developer";
				COPY_PHASE_STRIP = NO;
				DEBUG_INFORMATION_FORMAT = dwarf;
				ENABLE_STRICT_OBJC_MSGSEND = YES;
				ENABLE_TESTABILITY = YES;
				GCC_C_LANGUAGE_STANDARD = gnu11;
				GCC_DYNAMIC_NO_PIC = NO;
				GCC_NO_COMMON_BLOCKS = YES;
				GCC_OPTIMIZATION_LEVEL = 0;
				GCC_PREPROCESSOR_DEFINITIONS = (
					"DEBUG=1",
					"$(inherited)",
				);
				GCC_WARN_64_TO_32_BIT_CONVERSION = YES;
				GCC_WARN_ABOUT_RETURN_TYPE = YES_ERROR;
				GCC_WARN_UNDECLARED_SELECTOR = YES;
				GCC_WARN_UNINITIALIZED_AUTOS = YES_AGGRESSIVE;
				GCC_WARN_UNUSED_FUNCTION = YES;
				GCC_WARN_UNUSED_VARIABLE = YES;
				IPHONEOS_DEPLOYMENT_TARGET = 12.1;
				MTL_ENABLE_DEBUG_INFO = INCLUDE_SOURCE;
				MTL_FAST_MATH = YES;
				ONLY_ACTIVE_ARCH = YES;
				SDKROOT = iphoneos;
				SWIFT_ACTIVE_COMPILATION_CONDITIONS = DEBUG;
				SWIFT_OPTIMIZATION_LEVEL = "-Onone";
			};
			name = Debug;
		};
		2155597422BC73D600DBA267 /* Release */ = {
			isa = XCBuildConfiguration;
			buildSettings = {
				ALWAYS_SEARCH_USER_PATHS = NO;
				CLANG_ANALYZER_NONNULL = YES;
				CLANG_ANALYZER_NUMBER_OBJECT_CONVERSION = YES_AGGRESSIVE;
				CLANG_CXX_LANGUAGE_STANDARD = "gnu++14";
				CLANG_CXX_LIBRARY = "libc++";
				CLANG_ENABLE_MODULES = YES;
				CLANG_ENABLE_OBJC_ARC = YES;
				CLANG_ENABLE_OBJC_WEAK = YES;
				CLANG_WARN_BLOCK_CAPTURE_AUTORELEASING = YES;
				CLANG_WARN_BOOL_CONVERSION = YES;
				CLANG_WARN_COMMA = YES;
				CLANG_WARN_CONSTANT_CONVERSION = YES;
				CLANG_WARN_DEPRECATED_OBJC_IMPLEMENTATIONS = YES;
				CLANG_WARN_DIRECT_OBJC_ISA_USAGE = YES_ERROR;
				CLANG_WARN_DOCUMENTATION_COMMENTS = YES;
				CLANG_WARN_EMPTY_BODY = YES;
				CLANG_WARN_ENUM_CONVERSION = YES;
				CLANG_WARN_INFINITE_RECURSION = YES;
				CLANG_WARN_INT_CONVERSION = YES;
				CLANG_WARN_NON_LITERAL_NULL_CONVERSION = YES;
				CLANG_WARN_OBJC_IMPLICIT_RETAIN_SELF = YES;
				CLANG_WARN_OBJC_LITERAL_CONVERSION = YES;
				CLANG_WARN_OBJC_ROOT_CLASS = YES_ERROR;
				CLANG_WARN_RANGE_LOOP_ANALYSIS = YES;
				CLANG_WARN_STRICT_PROTOTYPES = YES;
				CLANG_WARN_SUSPICIOUS_MOVE = YES;
				CLANG_WARN_UNGUARDED_AVAILABILITY = YES_AGGRESSIVE;
				CLANG_WARN_UNREACHABLE_CODE = YES;
				CLANG_WARN__DUPLICATE_METHOD_MATCH = YES;
				CODE_SIGN_IDENTITY = "iPhone Developer";
				COPY_PHASE_STRIP = NO;
				DEBUG_INFORMATION_FORMAT = "dwarf-with-dsym";
				ENABLE_NS_ASSERTIONS = NO;
				ENABLE_STRICT_OBJC_MSGSEND = YES;
				GCC_C_LANGUAGE_STANDARD = gnu11;
				GCC_NO_COMMON_BLOCKS = YES;
				GCC_WARN_64_TO_32_BIT_CONVERSION = YES;
				GCC_WARN_ABOUT_RETURN_TYPE = YES_ERROR;
				GCC_WARN_UNDECLARED_SELECTOR = YES;
				GCC_WARN_UNINITIALIZED_AUTOS = YES_AGGRESSIVE;
				GCC_WARN_UNUSED_FUNCTION = YES;
				GCC_WARN_UNUSED_VARIABLE = YES;
				IPHONEOS_DEPLOYMENT_TARGET = 12.1;
				MTL_ENABLE_DEBUG_INFO = NO;
				MTL_FAST_MATH = YES;
				SDKROOT = iphoneos;
				SWIFT_COMPILATION_MODE = wholemodule;
				SWIFT_OPTIMIZATION_LEVEL = "-O";
				VALIDATE_PRODUCT = YES;
			};
			name = Release;
		};
		2155597622BC73D600DBA267 /* Debug */ = {
			isa = XCBuildConfiguration;
			baseConfigurationReference = 69A07A0B395DF3AE04F93F02 /* Pods-Focus-N-Do.debug.xcconfig */;
			buildSettings = {
				ASSETCATALOG_COMPILER_APPICON_NAME = AppIcon;
				CODE_SIGN_STYLE = Automatic;
				DEVELOPMENT_TEAM = W4MV387F7W;
				INFOPLIST_FILE = "Focus-N-Do/Info.plist";
				IPHONEOS_DEPLOYMENT_TARGET = 10.0;
				LD_RUNPATH_SEARCH_PATHS = (
					"$(inherited)",
					"@executable_path/Frameworks",
				);
				PRODUCT_BUNDLE_IDENTIFIER = "com.EllyRichardson.Focus-N-Do";
				PRODUCT_NAME = "$(TARGET_NAME)";
				SWIFT_VERSION = 4.2;
				TARGETED_DEVICE_FAMILY = "1,2";
			};
			name = Debug;
		};
		2155597722BC73D600DBA267 /* Release */ = {
			isa = XCBuildConfiguration;
			baseConfigurationReference = EC693BA396E8B661FF432A36 /* Pods-Focus-N-Do.release.xcconfig */;
			buildSettings = {
				ASSETCATALOG_COMPILER_APPICON_NAME = AppIcon;
				CODE_SIGN_STYLE = Automatic;
				DEVELOPMENT_TEAM = W4MV387F7W;
				INFOPLIST_FILE = "Focus-N-Do/Info.plist";
				IPHONEOS_DEPLOYMENT_TARGET = 10.0;
				LD_RUNPATH_SEARCH_PATHS = (
					"$(inherited)",
					"@executable_path/Frameworks",
				);
				PRODUCT_BUNDLE_IDENTIFIER = "com.EllyRichardson.Focus-N-Do";
				PRODUCT_NAME = "$(TARGET_NAME)";
				SWIFT_VERSION = 4.2;
				TARGETED_DEVICE_FAMILY = "1,2";
			};
			name = Release;
		};
		2155597922BC73D600DBA267 /* Debug */ = {
			isa = XCBuildConfiguration;
			buildSettings = {
				ALWAYS_EMBED_SWIFT_STANDARD_LIBRARIES = YES;
				BUNDLE_LOADER = "$(TEST_HOST)";
				CODE_SIGN_STYLE = Automatic;
				DEVELOPMENT_TEAM = W4MV387F7W;
				INFOPLIST_FILE = "Focus-N-DoTests/Info.plist";
				LD_RUNPATH_SEARCH_PATHS = (
					"$(inherited)",
					"@executable_path/Frameworks",
					"@loader_path/Frameworks",
				);
				PRODUCT_BUNDLE_IDENTIFIER = "com.EllyRichardson.Focus-N-DoTests";
				PRODUCT_NAME = "$(TARGET_NAME)";
				SWIFT_VERSION = 4.2;
				TARGETED_DEVICE_FAMILY = "1,2";
				TEST_HOST = "$(BUILT_PRODUCTS_DIR)/Focus-N-Do.app/Focus-N-Do";
			};
			name = Debug;
		};
		2155597A22BC73D600DBA267 /* Release */ = {
			isa = XCBuildConfiguration;
			buildSettings = {
				ALWAYS_EMBED_SWIFT_STANDARD_LIBRARIES = YES;
				BUNDLE_LOADER = "$(TEST_HOST)";
				CODE_SIGN_STYLE = Automatic;
				DEVELOPMENT_TEAM = W4MV387F7W;
				INFOPLIST_FILE = "Focus-N-DoTests/Info.plist";
				LD_RUNPATH_SEARCH_PATHS = (
					"$(inherited)",
					"@executable_path/Frameworks",
					"@loader_path/Frameworks",
				);
				PRODUCT_BUNDLE_IDENTIFIER = "com.EllyRichardson.Focus-N-DoTests";
				PRODUCT_NAME = "$(TARGET_NAME)";
				SWIFT_VERSION = 4.2;
				TARGETED_DEVICE_FAMILY = "1,2";
				TEST_HOST = "$(BUILT_PRODUCTS_DIR)/Focus-N-Do.app/Focus-N-Do";
			};
			name = Release;
		};
/* End XCBuildConfiguration section */

/* Begin XCConfigurationList section */
		2155595322BC73D300DBA267 /* Build configuration list for PBXProject "Focus-N-Do" */ = {
			isa = XCConfigurationList;
			buildConfigurations = (
				2155597322BC73D600DBA267 /* Debug */,
				2155597422BC73D600DBA267 /* Release */,
			);
			defaultConfigurationIsVisible = 0;
			defaultConfigurationName = Release;
		};
		2155597522BC73D600DBA267 /* Build configuration list for PBXNativeTarget "Focus-N-Do" */ = {
			isa = XCConfigurationList;
			buildConfigurations = (
				2155597622BC73D600DBA267 /* Debug */,
				2155597722BC73D600DBA267 /* Release */,
			);
			defaultConfigurationIsVisible = 0;
			defaultConfigurationName = Release;
		};
		2155597822BC73D600DBA267 /* Build configuration list for PBXNativeTarget "Focus-N-DoTests" */ = {
			isa = XCConfigurationList;
			buildConfigurations = (
				2155597922BC73D600DBA267 /* Debug */,
				2155597A22BC73D600DBA267 /* Release */,
			);
			defaultConfigurationIsVisible = 0;
			defaultConfigurationName = Release;
		};
/* End XCConfigurationList section */
	};
	rootObject = 2155595022BC73D300DBA267 /* Project object */;
}
